
Microsoft Visual Studio Solution File, Format Version 12.00
# Visual Studio 14
VisualStudioVersion = 14.0.25420.1
MinimumVisualStudioVersion = 10.0.40219.1
Project("{FAE04EC0-301F-11D3-BF4B-00C04F79EFBC}") = "SQLInjection_Analyzer", "SQLInjection Analyzer\SQLInjection_Analyzer\SQLInjection_Analyzer.csproj", "{9122699C-8D98-4B81-91CD-74835ED52E66}"
EndProject
Project("{FAE04EC0-301F-11D3-BF4B-00C04F79EFBC}") = "SQLInjection_Analyzer.Test", "SQLInjection Analyzer\SQLInjection_Analyzer.Test\SQLInjection_Analyzer.Test.csproj", "{04D4A762-2453-4ADA-A606-B3B00031DEA5}"
EndProject
Project("{FAE04EC0-301F-11D3-BF4B-00C04F79EFBC}") = "SQLInjection_Analyzer.Vsix", "SQLInjection Analyzer\SQLInjection_Analyzer.Vsix\SQLInjection_Analyzer.Vsix.csproj", "{8C5C0F2F-BCB8-4DA0-A14D-28D96D4FE4EF}"
EndProject
Global
	GlobalSection(SolutionConfigurationPlatforms) = preSolution
		Debug|Any CPU = Debug|Any CPU
		Release|Any CPU = Release|Any CPU
	EndGlobalSection
	GlobalSection(ProjectConfigurationPlatforms) = postSolution
		{9122699C-8D98-4B81-91CD-74835ED52E66}.Debug|Any CPU.ActiveCfg = Debug|Any CPU
		{9122699C-8D98-4B81-91CD-74835ED52E66}.Debug|Any CPU.Build.0 = Debug|Any CPU
		{9122699C-8D98-4B81-91CD-74835ED52E66}.Release|Any CPU.ActiveCfg = Release|Any CPU
		{9122699C-8D98-4B81-91CD-74835ED52E66}.Release|Any CPU.Build.0 = Release|Any CPU
		{04D4A762-2453-4ADA-A606-B3B00031DEA5}.Debug|Any CPU.ActiveCfg = Debug|Any CPU
		{04D4A762-2453-4ADA-A606-B3B00031DEA5}.Debug|Any CPU.Build.0 = Debug|Any CPU
		{04D4A762-2453-4ADA-A606-B3B00031DEA5}.Release|Any CPU.ActiveCfg = Release|Any CPU
		{04D4A762-2453-4ADA-A606-B3B00031DEA5}.Release|Any CPU.Build.0 = Release|Any CPU
		{8C5C0F2F-BCB8-4DA0-A14D-28D96D4FE4EF}.Debug|Any CPU.ActiveCfg = Debug|Any CPU
		{8C5C0F2F-BCB8-4DA0-A14D-28D96D4FE4EF}.Debug|Any CPU.Build.0 = Debug|Any CPU
		{8C5C0F2F-BCB8-4DA0-A14D-28D96D4FE4EF}.Release|Any CPU.ActiveCfg = Release|Any CPU
		{8C5C0F2F-BCB8-4DA0-A14D-28D96D4FE4EF}.Release|Any CPU.Build.0 = Release|Any CPU
	EndGlobalSection
	GlobalSection(SolutionProperties) = preSolution
		HideSolutionNode = FALSE
	EndGlobalSection
EndGlobal
